{
    "_readme": [
        "This file locks the dependencies of your project to a known state",
        "Read more about it at https://getcomposer.org/doc/01-basic-usage.md#composer-lock-the-lock-file",
        "This file is @generated automatically"
    ],
    "hash": "6b7ed3905c43da4382707ff777b07b5f",
    "content-hash": "2996e39723baebec1a109bc360ab8213",
    "packages": [
        {
            "name": "phonicavi/lpfc-router",
            "version": "dev-master",
            "source": {
                "type": "git",
                "url": "https://github.com/Phonicavi/LPFC-router.git",
                "reference": "9275ef8e7386b38346669e53aac3714c56291c44"
            },
            "dist": {
                "type": "zip",
                "url": "https://api.github.com/repos/Phonicavi/LPFC-router/zipball/9275ef8e7386b38346669e53aac3714c56291c44",
                "reference": "9275ef8e7386b38346669e53aac3714c56291c44",
                "shasum": ""
            },
            "require": {
                "php": ">=5.5.30"
            },
            "type": "library",
            "autoload": {
                "psr-4": {
                    "LPFCRouter\\Hermes\\": ""
                }
            },
            "notification-url": "https://packagist.org/downloads/",
            "license": [
                "MIT"
            ],
            "authors": [
                {
                    "name": "Phonicavi",
                    "email": "mardpazin7san@hotmail.com"
                }
            ],
            "description": "A simple router for LPFC",
            "time": "2016-02-05 16:30:51"
        }
    ],
    "packages-dev": [],
    "aliases": [],
    "minimum-stability": "stable",
    "stability-flags": {
        "phonicavi/lpfc-router": 20
    },
    "prefer-stable": false,
    "prefer-lowest": false,
    "platform": [],
    "platform-dev": []
}
